Microsoft Visual Studio Solution File, Format Version 12.00
# Visual Studio Version 17
VisualStudioVersion = 17.5.2.0
MinimumVisualStudioVersion = 10.0.40219.1
Project("{FAE04EC0-301F-11D3-BF4B-00C04F79EFBC}") = "mmotors-back", "mmotors-back\mmotors-back.csproj", "{04E6D02B-89D4-9D14-CA2B-5A28ED3FE5ED}"
EndProject
Global
	GlobalSection(SolutionConfigurationPlatforms) = preSolution
		Debug|Any CPU = Debug|Any CPU
		Release|Any CPU = Release|Any CPU
	EndGlobalSection
	GlobalSection(ProjectConfigurationPlatforms) = postSolution
		{04E6D02B-89D4-9D14-CA2B-5A28ED3FE5ED}.Debug|Any CPU.ActiveCfg = Debug|Any CPU
		{04E6D02B-89D4-9D14-CA2B-5A28ED3FE5ED}.Debug|Any CPU.Build.0 = Debug|Any CPU
		{04E6D02B-89D4-9D14-CA2B-5A28ED3FE5ED}.Release|Any CPU.ActiveCfg = Release|Any CPU
		{04E6D02B-89D4-9D14-CA2B-5A28ED3FE5ED}.Release|Any CPU.Build.0 = Release|Any CPU
	EndGlobalSection
	GlobalSection(SolutionProperties) = preSolution
		HideSolutionNode = FALSE
	EndGlobalSection
	GlobalSection(ExtensibilityGlobals) = postSolution
		SolutionGuid = {8C3B37AA-F196-4461-84EB-29B07CBD89DE}
	EndGlobalSection
EndGlobal
