
Microsoft Visual Studio Solution File, Format Version 12.00
# Visual Studio Version 17
VisualStudioVersion = 17.5.2.0
MinimumVisualStudioVersion = 10.0.40219.1
Project("{FAE04EC0-301F-11D3-BF4B-00C04F79EFBC}") = "mmotors-back", "mmotors-back\mmotors-back.csproj", "{04E6D02B-89D4-9D14-CA2B-5A28ED3FE5ED}"
EndProject
Project("{FAE04EC0-301F-11D3-BF4B-00C04F79EFBC}") = "mmotors-back.Tests", "mmotors-back.Tests\mmotors-back.Tests.csproj", "{7EB117C0-0BBD-49DB-BD73-9E7B572AAA3D}"
EndProject
Global
	GlobalSection(SolutionConfigurationPlatforms) = preSolution
		Debug|Any CPU = Debug|Any CPU
		Debug|x64 = Debug|x64
		Debug|x86 = Debug|x86
		Release|Any CPU = Release|Any CPU
		Release|x64 = Release|x64
		Release|x86 = Release|x86
	EndGlobalSection
	GlobalSection(ProjectConfigurationPlatforms) = postSolution
		{04E6D02B-89D4-9D14-CA2B-5A28ED3FE5ED}.Debug|Any CPU.ActiveCfg = Debug|Any CPU
		{04E6D02B-89D4-9D14-CA2B-5A28ED3FE5ED}.Debug|Any CPU.Build.0 = Debug|Any CPU
		{04E6D02B-89D4-9D14-CA2B-5A28ED3FE5ED}.Debug|x64.ActiveCfg = Debug|Any CPU
		{04E6D02B-89D4-9D14-CA2B-5A28ED3FE5ED}.Debug|x64.Build.0 = Debug|Any CPU
		{04E6D02B-89D4-9D14-CA2B-5A28ED3FE5ED}.Debug|x86.ActiveCfg = Debug|Any CPU
		{04E6D02B-89D4-9D14-CA2B-5A28ED3FE5ED}.Debug|x86.Build.0 = Debug|Any CPU
		{04E6D02B-89D4-9D14-CA2B-5A28ED3FE5ED}.Release|Any CPU.ActiveCfg = Release|Any CPU
		{04E6D02B-89D4-9D14-CA2B-5A28ED3FE5ED}.Release|Any CPU.Build.0 = Release|Any CPU
		{04E6D02B-89D4-9D14-CA2B-5A28ED3FE5ED}.Release|x64.ActiveCfg = Release|Any CPU
		{04E6D02B-89D4-9D14-CA2B-5A28ED3FE5ED}.Release|x64.Build.0 = Release|Any CPU
		{04E6D02B-89D4-9D14-CA2B-5A28ED3FE5ED}.Release|x86.ActiveCfg = Release|Any CPU
		{04E6D02B-89D4-9D14-CA2B-5A28ED3FE5ED}.Release|x86.Build.0 = Release|Any CPU
		{7EB117C0-0BBD-49DB-BD73-9E7B572AAA3D}.Debug|Any CPU.ActiveCfg = Debug|Any CPU
		{7EB117C0-0BBD-49DB-BD73-9E7B572AAA3D}.Debug|Any CPU.Build.0 = Debug|Any CPU
		{7EB117C0-0BBD-49DB-BD73-9E7B572AAA3D}.Debug|x64.ActiveCfg = Debug|Any CPU
		{7EB117C0-0BBD-49DB-BD73-9E7B572AAA3D}.Debug|x64.Build.0 = Debug|Any CPU
		{7EB117C0-0BBD-49DB-BD73-9E7B572AAA3D}.Debug|x86.ActiveCfg = Debug|Any CPU
		{7EB117C0-0BBD-49DB-BD73-9E7B572AAA3D}.Debug|x86.Build.0 = Debug|Any CPU
		{7EB117C0-0BBD-49DB-BD73-9E7B572AAA3D}.Release|Any CPU.ActiveCfg = Release|Any CPU
		{7EB117C0-0BBD-49DB-BD73-9E7B572AAA3D}.Release|Any CPU.Build.0 = Release|Any CPU
		{7EB117C0-0BBD-49DB-BD73-9E7B572AAA3D}.Release|x64.ActiveCfg = Release|Any CPU
		{7EB117C0-0BBD-49DB-BD73-9E7B572AAA3D}.Release|x64.Build.0 = Release|Any CPU
		{7EB117C0-0BBD-49DB-BD73-9E7B572AAA3D}.Release|x86.ActiveCfg = Release|Any CPU
		{7EB117C0-0BBD-49DB-BD73-9E7B572AAA3D}.Release|x86.Build.0 = Release|Any CPU
	EndGlobalSection
	GlobalSection(SolutionProperties) = preSolution
		HideSolutionNode = FALSE
	EndGlobalSection
	GlobalSection(ExtensibilityGlobals) = postSolution
		SolutionGuid = {8C3B37AA-F196-4461-84EB-29B07CBD89DE}
	EndGlobalSection
EndGlobal
